// !$*UTF8*$!
{
	archiveVersion = 1;
	classes = {
	};
	objectVersion = 55;
	objects = {

/* Begin PBXBuildFile section */
		BC38C31C285B03B2004AC211 /* AppDelegate.swift in Sources */ = {isa = PBXBuildFile; fileRef = BC38C31B285B03B2004AC211 /* AppDelegate.swift */; };
		BC38C31E285B03B2004AC211 /* SceneDelegate.swift in Sources */ = {isa = PBXBuildFile; fileRef = BC38C31D285B03B2004AC211 /* SceneDelegate.swift */; };
		BC38C320285B03B2004AC211 /* AuthVC.swift in Sources */ = {isa = PBXBuildFile; fileRef = BC38C31F285B03B2004AC211 /* AuthVC.swift */; };
		BC38C325285B03B6004AC211 /* Assets.xcassets in Resources */ = {isa = PBXBuildFile; fileRef = BC38C324285B03B6004AC211 /* Assets.xcassets */; };
		BC38C328285B03B6004AC211 /* LaunchScreen.storyboard in Resources */ = {isa = PBXBuildFile; fileRef = BC38C326285B03B6004AC211 /* LaunchScreen.storyboard */; };
		BC90E9FB2862005700B775BF /* Session.swift in Sources */ = {isa = PBXBuildFile; fileRef = BC90E9FA2862005700B775BF /* Session.swift */; };
		BC90E9FF286206B600B775BF /* FriendsVC.swift in Sources */ = {isa = PBXBuildFile; fileRef = BC90E9FE286206B600B775BF /* FriendsVC.swift */; };
		BFD0877AA26FB47A6168C48D /* Pods_GitVK.framework in Frameworks */ = {isa = PBXBuildFile; fileRef = A37C8E6C0D89D3BACF1EF7EA /* Pods_GitVK.framework */; };
/* End PBXBuildFile section */

/* Begin PBXFileReference section */
		2905350D1364B7FAEF3C677A /* Pods-GitVK.release.xcconfig */ = {isa = PBXFileReference; includeInIndex = 1; lastKnownFileType = text.xcconfig; name = "Pods-GitVK.release.xcconfig"; path = "Target Support Files/Pods-GitVK/Pods-GitVK.release.xcconfig"; sourceTree = "<group>"; };
		361137D2320E6AA851406150 /* Pods-GitVK.debug.xcconfig */ = {isa = PBXFileReference; includeInIndex = 1; lastKnownFileType = text.xcconfig; name = "Pods-GitVK.debug.xcconfig"; path = "Target Support Files/Pods-GitVK/Pods-GitVK.debug.xcconfig"; sourceTree = "<group>"; };
		A37C8E6C0D89D3BACF1EF7EA /* Pods_GitVK.framework */ = {isa = PBXFileReference; explicitFileType = wrapper.framework; includeInIndex = 0; path = Pods_GitVK.framework; sourceTree = BUILT_PRODUCTS_DIR; };
		BC38C318285B03B2004AC211 /* GitVK.app */ = {isa = PBXFileReference; explicitFileType = wrapper.application; includeInIndex = 0; path = GitVK.app; sourceTree = BUILT_PRODUCTS_DIR; };
		BC38C31B285B03B2004AC211 /* AppDelegate.swift */ = {isa = PBXFileReference; lastKnownFileType = sourcecode.swift; path = AppDelegate.swift; sourceTree = "<group>"; };
		BC38C31D285B03B2004AC211 /* SceneDelegate.swift */ = {isa = PBXFileReference; lastKnownFileType = sourcecode.swift; path = SceneDelegate.swift; sourceTree = "<group>"; };
		BC38C31F285B03B2004AC211 /* AuthVC.swift */ = {isa = PBXFileReference; lastKnownFileType = sourcecode.swift; path = AuthVC.swift; sourceTree = "<group>"; };
		BC38C324285B03B6004AC211 /* Assets.xcassets */ = {isa = PBXFileReference; lastKnownFileType = folder.assetcatalog; path = Assets.xcassets; sourceTree = "<group>"; };
		BC38C327285B03B6004AC211 /* Base */ = {isa = PBXFileReference; lastKnownFileType = file.storyboard; name = Base; path = Base.lproj/LaunchScreen.storyboard; sourceTree = "<group>"; };
		BC38C329285B03B6004AC211 /* Info.plist */ = {isa = PBXFileReference; lastKnownFileType = text.plist.xml; path = Info.plist; sourceTree = "<group>"; };
		BC90E9FA2862005700B775BF /* Session.swift */ = {isa = PBXFileReference; lastKnownFileType = sourcecode.swift; path = Session.swift; sourceTree = "<group>"; };
		BC90E9FE286206B600B775BF /* FriendsVC.swift */ = {isa = PBXFileReference; lastKnownFileType = sourcecode.swift; path = FriendsVC.swift; sourceTree = "<group>"; };
/* End PBXFileReference section */

/* Begin PBXFrameworksBuildPhase section */
		BC38C315285B03B2004AC211 /* Frameworks */ = {
			isa = PBXFrameworksBuildPhase;
			buildActionMask = 2147483647;
			files = (
				BFD0877AA26FB47A6168C48D /* Pods_GitVK.framework in Frameworks */,
			);
			runOnlyForDeploymentPostprocessing = 0;
		};
/* End PBXFrameworksBuildPhase section */

/* Begin PBXGroup section */
		5D66B87BD82ACEC12444622F /* Frameworks */ = {
			isa = PBXGroup;
			children = (
				A37C8E6C0D89D3BACF1EF7EA /* Pods_GitVK.framework */,
			);
			name = Frameworks;
			sourceTree = "<group>";
		};
		7D9CBF39474B6F221B9AC410 /* Pods */ = {
			isa = PBXGroup;
			children = (
				361137D2320E6AA851406150 /* Pods-GitVK.debug.xcconfig */,
				2905350D1364B7FAEF3C677A /* Pods-GitVK.release.xcconfig */,
			);
			path = Pods;
			sourceTree = "<group>";
		};
		BC38C30F285B03B2004AC211 = {
			isa = PBXGroup;
			children = (
				BC38C31A285B03B2004AC211 /* GitVK */,
				BC38C319285B03B2004AC211 /* Products */,
				7D9CBF39474B6F221B9AC410 /* Pods */,
				5D66B87BD82ACEC12444622F /* Frameworks */,
			);
			sourceTree = "<group>";
		};
		BC38C319285B03B2004AC211 /* Products */ = {
			isa = PBXGroup;
			children = (
				BC38C318285B03B2004AC211 /* GitVK.app */,
			);
			name = Products;
			sourceTree = "<group>";
		};
		BC38C31A285B03B2004AC211 /* GitVK */ = {
			isa = PBXGroup;
			children = (
				BC90E9F92862003E00B775BF /* Services */,
				BC38C331285B10E3004AC211 /* ViewControllers */,
				BC38C330285B0DAD004AC211 /* Resources */,
				BC38C32F285B0D76004AC211 /* App */,
			);
			path = GitVK;
			sourceTree = "<group>";
		};
		BC38C32F285B0D76004AC211 /* App */ = {
			isa = PBXGroup;
			children = (
				BC38C31B285B03B2004AC211 /* AppDelegate.swift */,
				BC38C31D285B03B2004AC211 /* SceneDelegate.swift */,
				BC38C329285B03B6004AC211 /* Info.plist */,
			);
			path = App;
			sourceTree = "<group>";
		};
		BC38C330285B0DAD004AC211 /* Resources */ = {
			isa = PBXGroup;
			children = (
				BC38C326285B03B6004AC211 /* LaunchScreen.storyboard */,
				BC38C324285B03B6004AC211 /* Assets.xcassets */,
			);
			path = Resources;
			sourceTree = "<group>";
		};
		BC38C331285B10E3004AC211 /* ViewControllers */ = {
			isa = PBXGroup;
			children = (
				BC38C31F285B03B2004AC211 /* AuthVC.swift */,
				BC90E9FE286206B600B775BF /* FriendsVC.swift */,
			);
			path = ViewControllers;
			sourceTree = "<group>";
		};
		BC90E9F92862003E00B775BF /* Services */ = {
			isa = PBXGroup;
			children = (
				BC90E9FA2862005700B775BF /* Session.swift */,
			);
			path = Services;
			sourceTree = "<group>";
		};
/* End PBXGroup section */

/* Begin PBXNativeTarget section */
		BC38C317285B03B2004AC211 /* GitVK */ = {
			isa = PBXNativeTarget;
			buildConfigurationList = BC38C32C285B03B6004AC211 /* Build configuration list for PBXNativeTarget "GitVK" */;
			buildPhases = (
				CF2A0E0AC04E832E7D4DE569 /* [CP] Check Pods Manifest.lock */,
				BC38C314285B03B2004AC211 /* Sources */,
				BC38C315285B03B2004AC211 /* Frameworks */,
				BC38C316285B03B2004AC211 /* Resources */,
				E5E24ADC8AF101AE3C977B1A /* [CP] Embed Pods Frameworks */,
			);
			buildRules = (
			);
			dependencies = (
			);
			name = GitVK;
			productName = GitVK;
			productReference = BC38C318285B03B2004AC211 /* GitVK.app */;
			productType = "com.apple.product-type.application";
		};
/* End PBXNativeTarget section */

/* Begin PBXProject section */
		BC38C310285B03B2004AC211 /* Project object */ = {
			isa = PBXProject;
			attributes = {
				BuildIndependentTargetsInParallel = 1;
				LastSwiftUpdateCheck = 1340;
				LastUpgradeCheck = 1340;
				TargetAttributes = {
					BC38C317285B03B2004AC211 = {
						CreatedOnToolsVersion = 13.4.1;
					};
				};
			};
			buildConfigurationList = BC38C313285B03B2004AC211 /* Build configuration list for PBXProject "GitVK" */;
			compatibilityVersion = "Xcode 13.0";
			developmentRegion = en;
			hasScannedForEncodings = 0;
			knownRegions = (
				en,
				Base,
			);
			mainGroup = BC38C30F285B03B2004AC211;
			productRefGroup = BC38C319285B03B2004AC211 /* Products */;
			projectDirPath = "";
			projectRoot = "";
			targets = (
				BC38C317285B03B2004AC211 /* GitVK */,
			);
		};
/* End PBXProject section */

/* Begin PBXResourcesBuildPhase section */
		BC38C316285B03B2004AC211 /* Resources */ = {
			isa = PBXResourcesBuildPhase;
			buildActionMask = 2147483647;
			files = (
				BC38C328285B03B6004AC211 /* LaunchScreen.storyboard in Resources */,
				BC38C325285B03B6004AC211 /* Assets.xcassets in Resources */,
			);
			runOnlyForDeploymentPostprocessing = 0;
		};
/* End PBXResourcesBuildPhase section */

/* Begin PBXShellScriptBuildPhase section */
		CF2A0E0AC04E832E7D4DE569 /* [CP] Check Pods Manifest.lock */ = {
			isa = PBXShellScriptBuildPhase;
			buildActionMask = 2147483647;
			files = (
			);
			inputFileListPaths = (
			);
			inputPaths = (
				"${PODS_PODFILE_DIR_PATH}/Podfile.lock",
				"${PODS_ROOT}/Manifest.lock",
			);
			name = "[CP] Check Pods Manifest.lock";
			outputFileListPaths = (
			);
			outputPaths = (
				"$(DERIVED_FILE_DIR)/Pods-GitVK-checkManifestLockResult.txt",
			);
			runOnlyForDeploymentPostprocessing = 0;
			shellPath = /bin/sh;
			shellScript = "diff \"${PODS_PODFILE_DIR_PATH}/Podfile.lock\" \"${PODS_ROOT}/Manifest.lock\" > /dev/null\nif [ $? != 0 ] ; then\n    # print error to STDERR\n    echo \"error: The sandbox is not in sync with the Podfile.lock. Run 'pod install' or update your CocoaPods installation.\" >&2\n    exit 1\nfi\n# This output is used by Xcode 'outputs' to avoid re-running this script phase.\necho \"SUCCESS\" > \"${SCRIPT_OUTPUT_FILE_0}\"\n";
			showEnvVarsInLog = 0;
		};
		E5E24ADC8AF101AE3C977B1A /* [CP] Embed Pods Frameworks */ = {
			isa = PBXShellScriptBuildPhase;
			buildActionMask = 2147483647;
			files = (
			);
			inputFileListPaths = (
				"${PODS_ROOT}/Target Support Files/Pods-GitVK/Pods-GitVK-frameworks-${CONFIGURATION}-input-files.xcfilelist",
			);
			name = "[CP] Embed Pods Frameworks";
			outputFileListPaths = (
				"${PODS_ROOT}/Target Support Files/Pods-GitVK/Pods-GitVK-frameworks-${CONFIGURATION}-output-files.xcfilelist",
			);
			runOnlyForDeploymentPostprocessing = 0;
			shellPath = /bin/sh;
			shellScript = "\"${PODS_ROOT}/Target Support Files/Pods-GitVK/Pods-GitVK-frameworks.sh\"\n";
			showEnvVarsInLog = 0;
		};
/* End PBXShellScriptBuildPhase section */

/* Begin PBXSourcesBuildPhase section */
		BC38C314285B03B2004AC211 /* Sources */ = {
			isa = PBXSourcesBuildPhase;
			buildActionMask = 2147483647;
			files = (
				BC90E9FB2862005700B775BF /* Session.swift in Sources */,
				BC38C320285B03B2004AC211 /* AuthVC.swift in Sources */,
				BC38C31C285B03B2004AC211 /* AppDelegate.swift in Sources */,
				BC38C31E285B03B2004AC211 /* SceneDelegate.swift in Sources */,
				BC90E9FF286206B600B775BF /* FriendsVC.swift in Sources */,
			);
			runOnlyForDeploymentPostprocessing = 0;
		};
/* End PBXSourcesBuildPhase section */

/* Begin PBXVariantGroup section */
		BC38C326285B03B6004AC211 /* LaunchScreen.storyboard */ = {
			isa = PBXVariantGroup;
			children = (
				BC38C327285B03B6004AC211 /* Base */,
			);
			name = LaunchScreen.storyboard;
			sourceTree = "<group>";
		};
/* End PBXVariantGroup section */

/* Begin XCBuildConfiguration section */
		BC38C32A285B03B6004AC211 /* Debug */ = {
			isa = XCBuildConfiguration;
			buildSettings = {
				ALWAYS_SEARCH_USER_PATHS = NO;
				CLANG_ANALYZER_NONNULL = YES;
				CLANG_ANALYZER_NUMBER_OBJECT_CONVERSION = YES_AGGRESSIVE;
				CLANG_CXX_LANGUAGE_STANDARD = "gnu++17";
				CLANG_ENABLE_MODULES = YES;
				CLANG_ENABLE_OBJC_ARC = YES;
				CLANG_ENABLE_OBJC_WEAK = YES;
				CLANG_WARN_BLOCK_CAPTURE_AUTORELEASING = YES;
				CLANG_WARN_BOOL_CONVERSION = YES;
				CLANG_WARN_COMMA = YES;
				CLANG_WARN_CONSTANT_CONVERSION = YES;
				CLANG_WARN_DEPRECATED_OBJC_IMPLEMENTATIONS = YES;
				CLANG_WARN_DIRECT_OBJC_ISA_USAGE = YES_ERROR;
				CLANG_WARN_DOCUMENTATION_COMMENTS = YES;
				CLANG_WARN_EMPTY_BODY = YES;
				CLANG_WARN_ENUM_CONVERSION = YES;
				CLANG_WARN_INFINITE_RECURSION = YES;
				CLANG_WARN_INT_CONVERSION = YES;
				CLANG_WARN_NON_LITERAL_NULL_CONVERSION = YES;
				CLANG_WARN_OBJC_IMPLICIT_RETAIN_SELF = YES;
				CLANG_WARN_OBJC_LITERAL_CONVERSION = YES;
				CLANG_WARN_OBJC_ROOT_CLASS = YES_ERROR;
				CLANG_WARN_QUOTED_INCLUDE_IN_FRAMEWORK_HEADER = YES;
				CLANG_WARN_RANGE_LOOP_ANALYSIS = YES;
				CLANG_WARN_STRICT_PROTOTYPES = YES;
				CLANG_WARN_SUSPICIOUS_MOVE = YES;
				CLANG_WARN_UNGUARDED_AVAILABILITY = YES_AGGRESSIVE;
				CLANG_WARN_UNREACHABLE_CODE = YES;
				CLANG_WARN__DUPLICATE_METHOD_MATCH = YES;
				COPY_PHASE_STRIP = NO;
				DEBUG_INFORMATION_FORMAT = dwarf;
				ENABLE_STRICT_OBJC_MSGSEND = YES;
				ENABLE_TESTABILITY = YES;
				GCC_C_LANGUAGE_STANDARD = gnu11;
				GCC_DYNAMIC_NO_PIC = NO;
				GCC_NO_COMMON_BLOCKS = YES;
				GCC_OPTIMIZATION_LEVEL = 0;
				GCC_PREPROCESSOR_DEFINITIONS = (
					"DEBUG=1",
					"$(inherited)",
				);
				GCC_WARN_64_TO_32_BIT_CONVERSION = YES;
				GCC_WARN_ABOUT_RETURN_TYPE = YES_ERROR;
				GCC_WARN_UNDECLARED_SELECTOR = YES;
				GCC_WARN_UNINITIALIZED_AUTOS = YES_AGGRESSIVE;
				GCC_WARN_UNUSED_FUNCTION = YES;
				GCC_WARN_UNUSED_VARIABLE = YES;
				IPHONEOS_DEPLOYMENT_TARGET = 15.5;
				MTL_ENABLE_DEBUG_INFO = INCLUDE_SOURCE;
				MTL_FAST_MATH = YES;
				ONLY_ACTIVE_ARCH = YES;
				SDKROOT = iphoneos;
				SWIFT_ACTIVE_COMPILATION_CONDITIONS = DEBUG;
				SWIFT_OPTIMIZATION_LEVEL = "-Onone";
			};
			name = Debug;
		};
		BC38C32B285B03B6004AC211 /* Release */ = {
			isa = XCBuildConfiguration;
			buildSettings = {
				ALWAYS_SEARCH_USER_PATHS = NO;
				CLANG_ANALYZER_NONNULL = YES;
				CLANG_ANALYZER_NUMBER_OBJECT_CONVERSION = YES_AGGRESSIVE;
				CLANG_CXX_LANGUAGE_STANDARD = "gnu++17";
				CLANG_ENABLE_MODULES = YES;
				CLANG_ENABLE_OBJC_ARC = YES;
				CLANG_ENABLE_OBJC_WEAK = YES;
				CLANG_WARN_BLOCK_CAPTURE_AUTORELEASING = YES;
				CLANG_WARN_BOOL_CONVERSION = YES;
				CLANG_WARN_COMMA = YES;
				CLANG_WARN_CONSTANT_CONVERSION = YES;
				CLANG_WARN_DEPRECATED_OBJC_IMPLEMENTATIONS = YES;
				CLANG_WARN_DIRECT_OBJC_ISA_USAGE = YES_ERROR;
				CLANG_WARN_DOCUMENTATION_COMMENTS = YES;
				CLANG_WARN_EMPTY_BODY = YES;
				CLANG_WARN_ENUM_CONVERSION = YES;
				CLANG_WARN_INFINITE_RECURSION = YES;
				CLANG_WARN_INT_CONVERSION = YES;
				CLANG_WARN_NON_LITERAL_NULL_CONVERSION = YES;
				CLANG_WARN_OBJC_IMPLICIT_RETAIN_SELF = YES;
				CLANG_WARN_OBJC_LITERAL_CONVERSION = YES;
				CLANG_WARN_OBJC_ROOT_CLASS = YES_ERROR;
				CLANG_WARN_QUOTED_INCLUDE_IN_FRAMEWORK_HEADER = YES;
				CLANG_WARN_RANGE_LOOP_ANALYSIS = YES;
				CLANG_WARN_STRICT_PROTOTYPES = YES;
				CLANG_WARN_SUSPICIOUS_MOVE = YES;
				CLANG_WARN_UNGUARDED_AVAILABILITY = YES_AGGRESSIVE;
				CLANG_WARN_UNREACHABLE_CODE = YES;
				CLANG_WARN__DUPLICATE_METHOD_MATCH = YES;
				COPY_PHASE_STRIP = NO;
				DEBUG_INFORMATION_FORMAT = "dwarf-with-dsym";
				ENABLE_NS_ASSERTIONS = NO;
				ENABLE_STRICT_OBJC_MSGSEND = YES;
				GCC_C_LANGUAGE_STANDARD = gnu11;
				GCC_NO_COMMON_BLOCKS = YES;
				GCC_WARN_64_TO_32_BIT_CONVERSION = YES;
				GCC_WARN_ABOUT_RETURN_TYPE = YES_ERROR;
				GCC_WARN_UNDECLARED_SELECTOR = YES;
				GCC_WARN_UNINITIALIZED_AUTOS = YES_AGGRESSIVE;
				GCC_WARN_UNUSED_FUNCTION = YES;
				GCC_WARN_UNUSED_VARIABLE = YES;
				IPHONEOS_DEPLOYMENT_TARGET = 15.5;
				MTL_ENABLE_DEBUG_INFO = NO;
				MTL_FAST_MATH = YES;
				SDKROOT = iphoneos;
				SWIFT_COMPILATION_MODE = wholemodule;
				SWIFT_OPTIMIZATION_LEVEL = "-O";
				VALIDATE_PRODUCT = YES;
			};
			name = Release;
		};
		BC38C32D285B03B6004AC211 /* Debug */ = {
			isa = XCBuildConfiguration;
			baseConfigurationReference = 361137D2320E6AA851406150 /* Pods-GitVK.debug.xcconfig */;
			buildSettings = {
				ASSETCATALOG_COMPILER_APPICON_NAME = AppIcon;
				ASSETCATALOG_COMPILER_GLOBAL_ACCENT_COLOR_NAME = AccentColor;
				CODE_SIGN_STYLE = Automatic;
				CURRENT_PROJECT_VERSION = 1;
				DEVELOPMENT_TEAM = 85D2483FS7;
				GENERATE_INFOPLIST_FILE = YES;
				INFOPLIST_FILE = GitVK/App/Info.plist;
				INFOPLIST_KEY_UIApplicationSupportsIndirectInputEvents = YES;
				INFOPLIST_KEY_UILaunchStoryboardName = LaunchScreen;
				INFOPLIST_KEY_UISupportedInterfaceOrientations_iPad = "UIInterfaceOrientationPortrait UIInterfaceOrientationPortraitUpsideDown UIInterfaceOrientationLandscapeLeft UIInterfaceOrientationLandscapeRight";
				INFOPLIST_KEY_UISupportedInterfaceOrientations_iPhone = "UIInterfaceOrientationPortrait UIInterfaceOrientationLandscapeLeft UIInterfaceOrientationLandscapeRight";
				LD_RUNPATH_SEARCH_PATHS = (
					"$(inherited)",
					"@executable_path/Frameworks",
				);
				MARKETING_VERSION = 1.0;
				PRODUCT_BUNDLE_IDENTIFIER = mobilenie.GitVK;
				PRODUCT_NAME = "$(TARGET_NAME)";
				SWIFT_EMIT_LOC_STRINGS = YES;
				SWIFT_VERSION = 5.0;
				TARGETED_DEVICE_FAMILY = "1,2";
			};
			name = Debug;
		};
		BC38C32E285B03B6004AC211 /* Release */ = {
			isa = XCBuildConfiguration;
			baseConfigurationReference = 2905350D1364B7FAEF3C677A /* Pods-GitVK.release.xcconfig */;
			buildSettings = {
				ASSETCATALOG_COMPILER_APPICON_NAME = AppIcon;
				ASSETCATALOG_COMPILER_GLOBAL_ACCENT_COLOR_NAME = AccentColor;
				CODE_SIGN_STYLE = Automatic;
				CURRENT_PROJECT_VERSION = 1;
				DEVELOPMENT_TEAM = 85D2483FS7;
				GENERATE_INFOPLIST_FILE = YES;
				INFOPLIST_FILE = GitVK/App/Info.plist;
				INFOPLIST_KEY_UIApplicationSupportsIndirectInputEvents = YES;
				INFOPLIST_KEY_UILaunchStoryboardName = LaunchScreen;
				INFOPLIST_KEY_UISupportedInterfaceOrientations_iPad = "UIInterfaceOrientationPortrait UIInterfaceOrientationPortraitUpsideDown UIInterfaceOrientationLandscapeLeft UIInterfaceOrientationLandscapeRight";
				INFOPLIST_KEY_UISupportedInterfaceOrientations_iPhone = "UIInterfaceOrientationPortrait UIInterfaceOrientationLandscapeLeft UIInterfaceOrientationLandscapeRight";
				LD_RUNPATH_SEARCH_PATHS = (
					"$(inherited)",
					"@executable_path/Frameworks",
				);
				MARKETING_VERSION = 1.0;
				PRODUCT_BUNDLE_IDENTIFIER = mobilenie.GitVK;
				PRODUCT_NAME = "$(TARGET_NAME)";
				SWIFT_EMIT_LOC_STRINGS = YES;
				SWIFT_VERSION = 5.0;
				TARGETED_DEVICE_FAMILY = "1,2";
			};
			name = Release;
		};
/* End XCBuildConfiguration section */

/* Begin XCConfigurationList section */
		BC38C313285B03B2004AC211 /* Build configuration list for PBXProject "GitVK" */ = {
			isa = XCConfigurationList;
			buildConfigurations = (
				BC38C32A285B03B6004AC211 /* Debug */,
				BC38C32B285B03B6004AC211 /* Release */,
			);
			defaultConfigurationIsVisible = 0;
			defaultConfigurationName = Release;
		};
		BC38C32C285B03B6004AC211 /* Build configuration list for PBXNativeTarget "GitVK" */ = {
			isa = XCConfigurationList;
			buildConfigurations = (
				BC38C32D285B03B6004AC211 /* Debug */,
				BC38C32E285B03B6004AC211 /* Release */,
			);
			defaultConfigurationIsVisible = 0;
			defaultConfigurationName = Release;
		};
/* End XCConfigurationList section */
	};
	rootObject = BC38C310285B03B2004AC211 /* Project object */;
}
